
Microsoft Visual Studio Solution File, Format Version 12.00
# Visual Studio Version 16
VisualStudioVersion = 16.0.31321.278
MinimumVisualStudioVersion = 10.0.40219.1
Project("{FAE04EC0-301F-11D3-BF4B-00C04F79EFBC}") = "M3OO", "M3OO\M3OO.csproj", "{D66D020B-6723-487D-AC88-2644771E939A}"
EndProject
Global
	GlobalSection(SolutionConfigurationPlatforms) = preSolution
		Debug|Any CPU = Debug|Any CPU
		Release|Any CPU = Release|Any CPU
	EndGlobalSection
	GlobalSection(ProjectConfigurationPlatforms) = postSolution
		{D66D020B-6723-487D-AC88-2644771E939A}.Debug|Any CPU.ActiveCfg = Debug|Any CPU
		{D66D020B-6723-487D-AC88-2644771E939A}.Debug|Any CPU.Build.0 = Debug|Any CPU
		{D66D020B-6723-487D-AC88-2644771E939A}.Release|Any CPU.ActiveCfg = Release|Any CPU
		{D66D020B-6723-487D-AC88-2644771E939A}.Release|Any CPU.Build.0 = Release|Any CPU
	EndGlobalSection
	GlobalSection(SolutionProperties) = preSolution
		HideSolutionNode = FALSE
	EndGlobalSection
	GlobalSection(ExtensibilityGlobals) = postSolution
		SolutionGuid = {BC0F9796-9686-48B8-9C88-A5B12847645F}
	EndGlobalSection
EndGlobal
